
Microsoft Visual Studio Solution File, Format Version 12.00
# Visual Studio Version 17
VisualStudioVersion = 17.3.32929.385
MinimumVisualStudioVersion = 10.0.40219.1
Project("{FAE04EC0-301F-11D3-BF4B-00C04F79EFBC}") = "WindowsFormsApp1", "WindowsFormsApp1\WindowsFormsApp1.csproj", "{9D85AAD8-F293-4523-939D-30E8FBE205D1}"
EndProject
Global
	GlobalSection(SolutionConfigurationPlatforms) = preSolution
		Debug|Any CPU = Debug|Any CPU
		Release|Any CPU = Release|Any CPU
	EndGlobalSection
	GlobalSection(ProjectConfigurationPlatforms) = postSolution
		{9D85AAD8-F293-4523-939D-30E8FBE205D1}.Debug|Any CPU.ActiveCfg = Debug|Any CPU
		{9D85AAD8-F293-4523-939D-30E8FBE205D1}.Debug|Any CPU.Build.0 = Debug|Any CPU
		{9D85AAD8-F293-4523-939D-30E8FBE205D1}.Release|Any CPU.ActiveCfg = Release|Any CPU
		{9D85AAD8-F293-4523-939D-30E8FBE205D1}.Release|Any CPU.Build.0 = Release|Any CPU
	EndGlobalSection
	GlobalSection(SolutionProperties) = preSolution
		HideSolutionNode = FALSE
	EndGlobalSection
	GlobalSection(ExtensibilityGlobals) = postSolution
		SolutionGuid = {E70F2ADF-3D70-4074-B5F0-82D0E2E4919A}
	EndGlobalSection
EndGlobal
